// !$*UTF8*$!
{
	archiveVersion = 1;
	classes = {
	};
	objectVersion = 46;
	objects = {

/* Begin PBXBuildFile section */
		7D63DC5518FEECD000623B10 /* Foundation.framework in Frameworks */ = {isa = PBXBuildFile; fileRef = 7D63DC5418FEECD000623B10 /* Foundation.framework */; };
		7D63DC5718FEECD000623B10 /* CoreGraphics.framework in Frameworks */ = {isa = PBXBuildFile; fileRef = 7D63DC5618FEECD000623B10 /* CoreGraphics.framework */; };
		7D63DC5918FEECD000623B10 /* UIKit.framework in Frameworks */ = {isa = PBXBuildFile; fileRef = 7D63DC5818FEECD000623B10 /* UIKit.framework */; };
		7D63DC5B18FEECD000623B10 /* CoreData.framework in Frameworks */ = {isa = PBXBuildFile; fileRef = 7D63DC5A18FEECD000623B10 /* CoreData.framework */; };
		7D63DC6118FEECD000623B10 /* InfoPlist.strings in Resources */ = {isa = PBXBuildFile; fileRef = 7D63DC5F18FEECD000623B10 /* InfoPlist.strings */; };
		7D63DC6318FEECD000623B10 /* main.m in Sources */ = {isa = PBXBuildFile; fileRef = 7D63DC6218FEECD000623B10 /* main.m */; };
		7D63DC6718FEECD000623B10 /* GLAppDelegate.m in Sources */ = {isa = PBXBuildFile; fileRef = 7D63DC6618FEECD000623B10 /* GLAppDelegate.m */; };
		7D63DC6A18FEECD000623B10 /* Valparaiso.xcdatamodeld in Sources */ = {isa = PBXBuildFile; fileRef = 7D63DC6818FEECD000623B10 /* Valparaiso.xcdatamodeld */; };
		7D63DC6C18FEECD000623B10 /* Images.xcassets in Resources */ = {isa = PBXBuildFile; fileRef = 7D63DC6B18FEECD000623B10 /* Images.xcassets */; };
		7D63DC7318FEECD000623B10 /* XCTest.framework in Frameworks */ = {isa = PBXBuildFile; fileRef = 7D63DC7218FEECD000623B10 /* XCTest.framework */; };
		7D63DC7418FEECD000623B10 /* Foundation.framework in Frameworks */ = {isa = PBXBuildFile; fileRef = 7D63DC5418FEECD000623B10 /* Foundation.framework */; };
		7D63DC7518FEECD000623B10 /* UIKit.framework in Frameworks */ = {isa = PBXBuildFile; fileRef = 7D63DC5818FEECD000623B10 /* UIKit.framework */; };
		7D63DC7618FEECD000623B10 /* CoreData.framework in Frameworks */ = {isa = PBXBuildFile; fileRef = 7D63DC5A18FEECD000623B10 /* CoreData.framework */; };
		7D63DC7E18FEECD000623B10 /* InfoPlist.strings in Resources */ = {isa = PBXBuildFile; fileRef = 7D63DC7C18FEECD000623B10 /* InfoPlist.strings */; };
		7D63DC8018FEECD000623B10 /* ValparaisoTests.m in Sources */ = {isa = PBXBuildFile; fileRef = 7D63DC7F18FEECD000623B10 /* ValparaisoTests.m */; };
		7D63DC8A18FEED4800623B10 /* Storyboard.storyboard in Resources */ = {isa = PBXBuildFile; fileRef = 7D63DC8918FEED4800623B10 /* Storyboard.storyboard */; };
		7D63DC8D18FEF67C00623B10 /* Sale.m in Sources */ = {isa = PBXBuildFile; fileRef = 7D63DC8C18FEF67C00623B10 /* Sale.m */; };
		7D63DC9018FEF9D400623B10 /* GLDatabaseController.m in Sources */ = {isa = PBXBuildFile; fileRef = 7D63DC8F18FEF9D400623B10 /* GLDatabaseController.m */; };
		7D63DC9318FEFF3600623B10 /* GLSaleViewController.m in Sources */ = {isa = PBXBuildFile; fileRef = 7D63DC9218FEFF3600623B10 /* GLSaleViewController.m */; };
		7D63DC9918FF4DD200623B10 /* saleIcon20.png in Resources */ = {isa = PBXBuildFile; fileRef = 7D63DC9818FF4DD200623B10 /* saleIcon20.png */; };
		7D63DC9D18FF4E8B00623B10 /* weekIcon.png in Resources */ = {isa = PBXBuildFile; fileRef = 7D63DC9C18FF4E8B00623B10 /* weekIcon.png */; };
		7D63DCA01900590000623B10 /* GLHistoryTableViewController.m in Sources */ = {isa = PBXBuildFile; fileRef = 7D63DC9F1900590000623B10 /* GLHistoryTableViewController.m */; };
		7D63DCA3190059FE00623B10 /* GLSaleTableViewCell.m in Sources */ = {isa = PBXBuildFile; fileRef = 7D63DCA2190059FE00623B10 /* GLSaleTableViewCell.m */; };
		7D63DCA519006F2300623B10 /* 1397784025_history.png in Resources */ = {isa = PBXBuildFile; fileRef = 7D63DCA419006F2300623B10 /* 1397784025_history.png */; };
		7D63DCA81900733700623B10 /* GLDailyReportViewController.m in Sources */ = {isa = PBXBuildFile; fileRef = 7D63DCA71900733700623B10 /* GLDailyReportViewController.m */; };
		7D63DCAA19007EA700623B10 /* MessageUI.framework in Frameworks */ = {isa = PBXBuildFile; fileRef = 7D63DCA919007EA700623B10 /* MessageUI.framework */; };
		7D63DCB7190093F300623B10 /* appIcon.png in Resources */ = {isa = PBXBuildFile; fileRef = 7D63DCB3190093F300623B10 /* appIcon.png */; };
		7D63DCB8190093F300623B10 /* appIcon@2x.png in Resources */ = {isa = PBXBuildFile; fileRef = 7D63DCB4190093F300623B10 /* appIcon@2x.png */; };
		7D63DCB9190093F300623B10 /* iTunesArtwork.png in Resources */ = {isa = PBXBuildFile; fileRef = 7D63DCB5190093F300623B10 /* iTunesArtwork.png */; };
		7D63DCBA190093F300623B10 /* iTunesArtwork@2x.png in Resources */ = {isa = PBXBuildFile; fileRef = 7D63DCB6190093F300623B10 /* iTunesArtwork@2x.png */; };
		7D63DCBD1900950C00623B10 /* appIconSettings.png in Resources */ = {isa = PBXBuildFile; fileRef = 7D63DCBB1900950C00623B10 /* appIconSettings.png */; };
		7D63DCBE1900950C00623B10 /* appIconSpotlight.png in Resources */ = {isa = PBXBuildFile; fileRef = 7D63DCBC1900950C00623B10 /* appIconSpotlight.png */; };
		7D63DCCD19009A8400623B10 /* navBar.png in Resources */ = {isa = PBXBuildFile; fileRef = 7D63DCCB19009A8400623B10 /* navBar.png */; };
		7D63DCCE19009A8400623B10 /* navBar@2x.png in Resources */ = {isa = PBXBuildFile; fileRef = 7D63DCCC19009A8400623B10 /* navBar@2x.png */; };
		7D63DCD119009AF500623B10 /* launchImage.png in Resources */ = {isa = PBXBuildFile; fileRef = 7D63DCCF19009AF500623B10 /* launchImage.png */; };
		7D63DCD219009AF500623B10 /* launchImage@2x.png in Resources */ = {isa = PBXBuildFile; fileRef = 7D63DCD019009AF500623B10 /* launchImage@2x.png */; };
		7D63DCD41900A38200623B10 /* launchImageUltra.png in Resources */ = {isa = PBXBuildFile; fileRef = 7D63DCD31900A38200623B10 /* launchImageUltra.png */; };
/* End PBXBuildFile section */

/* Begin PBXContainerItemProxy section */
		7D63DC7718FEECD000623B10 /* PBXContainerItemProxy */ = {
			isa = PBXContainerItemProxy;
			containerPortal = 7D63DC4918FEECD000623B10 /* Project object */;
			proxyType = 1;
			remoteGlobalIDString = 7D63DC5018FEECD000623B10;
			remoteInfo = Valparaiso;
		};
/* End PBXContainerItemProxy section */

/* Begin PBXFileReference section */
		7D63DC5118FEECD000623B10 /* Valparaiso.app */ = {isa = PBXFileReference; explicitFileType = wrapper.application; includeInIndex = 0; path = Valparaiso.app; sourceTree = BUILT_PRODUCTS_DIR; };
		7D63DC5418FEECD000623B10 /* Foundation.framework */ = {isa = PBXFileReference; lastKnownFileType = wrapper.framework; name = Foundation.framework; path = System/Library/Frameworks/Foundation.framework; sourceTree = SDKROOT; };
		7D63DC5618FEECD000623B10 /* CoreGraphics.framework */ = {isa = PBXFileReference; lastKnownFileType = wrapper.framework; name = CoreGraphics.framework; path = System/Library/Frameworks/CoreGraphics.framework; sourceTree = SDKROOT; };
		7D63DC5818FEECD000623B10 /* UIKit.framework */ = {isa = PBXFileReference; lastKnownFileType = wrapper.framework; name = UIKit.framework; path = System/Library/Frameworks/UIKit.framework; sourceTree = SDKROOT; };
		7D63DC5A18FEECD000623B10 /* CoreData.framework */ = {isa = PBXFileReference; lastKnownFileType = wrapper.framework; name = CoreData.framework; path = System/Library/Frameworks/CoreData.framework; sourceTree = SDKROOT; };
		7D63DC5E18FEECD000623B10 /* Valparaiso-Info.plist */ = {isa = PBXFileReference; lastKnownFileType = text.plist.xml; path = "Valparaiso-Info.plist"; sourceTree = "<group>"; };
		7D63DC6018FEECD000623B10 /* en */ = {isa = PBXFileReference; lastKnownFileType = text.plist.strings; name = en; path = en.lproj/InfoPlist.strings; sourceTree = "<group>"; };
		7D63DC6218FEECD000623B10 /* main.m */ = {isa = PBXFileReference; lastKnownFileType = sourcecode.c.objc; path = main.m; sourceTree = "<group>"; };
		7D63DC6418FEECD000623B10 /* Valparaiso-Prefix.pch */ = {isa = PBXFileReference; lastKnownFileType = sourcecode.c.h; path = "Valparaiso-Prefix.pch"; sourceTree = "<group>"; };
		7D63DC6518FEECD000623B10 /* GLAppDelegate.h */ = {isa = PBXFileReference; lastKnownFileType = sourcecode.c.h; path = GLAppDelegate.h; sourceTree = "<group>"; };
		7D63DC6618FEECD000623B10 /* GLAppDelegate.m */ = {isa = PBXFileReference; lastKnownFileType = sourcecode.c.objc; path = GLAppDelegate.m; sourceTree = "<group>"; };
		7D63DC6918FEECD000623B10 /* Valparaiso.xcdatamodel */ = {isa = PBXFileReference; lastKnownFileType = wrapper.xcdatamodel; path = Valparaiso.xcdatamodel; sourceTree = "<group>"; };
		7D63DC6B18FEECD000623B10 /* Images.xcassets */ = {isa = PBXFileReference; lastKnownFileType = folder.assetcatalog; path = Images.xcassets; sourceTree = "<group>"; };
		7D63DC7118FEECD000623B10 /* ValparaisoTests.xctest */ = {isa = PBXFileReference; explicitFileType = wrapper.cfbundle; includeInIndex = 0; path = ValparaisoTests.xctest; sourceTree = BUILT_PRODUCTS_DIR; };
		7D63DC7218FEECD000623B10 /* XCTest.framework */ = {isa = PBXFileReference; lastKnownFileType = wrapper.framework; name = XCTest.framework; path = Library/Frameworks/XCTest.framework; sourceTree = DEVELOPER_DIR; };
		7D63DC7B18FEECD000623B10 /* ValparaisoTests-Info.plist */ = {isa = PBXFileReference; lastKnownFileType = text.plist.xml; path = "ValparaisoTests-Info.plist"; sourceTree = "<group>"; };
		7D63DC7D18FEECD000623B10 /* en */ = {isa = PBXFileReference; lastKnownFileType = text.plist.strings; name = en; path = en.lproj/InfoPlist.strings; sourceTree = "<group>"; };
		7D63DC7F18FEECD000623B10 /* ValparaisoTests.m */ = {isa = PBXFileReference; lastKnownFileType = sourcecode.c.objc; path = ValparaisoTests.m; sourceTree = "<group>"; };
		7D63DC8918FEED4800623B10 /* Storyboard.storyboard */ = {isa = PBXFileReference; fileEncoding = 4; lastKnownFileType = file.storyboard; path = Storyboard.storyboard; sourceTree = "<group>"; };
		7D63DC8B18FEF67C00623B10 /* Sale.h */ = {isa = PBXFileReference; fileEncoding = 4; lastKnownFileType = sourcecode.c.h; path = Sale.h; sourceTree = "<group>"; };
		7D63DC8C18FEF67C00623B10 /* Sale.m */ = {isa = PBXFileReference; fileEncoding = 4; lastKnownFileType = sourcecode.c.objc; path = Sale.m; sourceTree = "<group>"; };
		7D63DC8E18FEF9D400623B10 /* GLDatabaseController.h */ = {isa = PBXFileReference; fileEncoding = 4; lastKnownFileType = sourcecode.c.h; path = GLDatabaseController.h; sourceTree = "<group>"; };
		7D63DC8F18FEF9D400623B10 /* GLDatabaseController.m */ = {isa = PBXFileReference; fileEncoding = 4; lastKnownFileType = sourcecode.c.objc; path = GLDatabaseController.m; sourceTree = "<group>"; };
		7D63DC9118FEFF3600623B10 /* GLSaleViewController.h */ = {isa = PBXFileReference; fileEncoding = 4; lastKnownFileType = sourcecode.c.h; path = GLSaleViewController.h; sourceTree = "<group>"; };
		7D63DC9218FEFF3600623B10 /* GLSaleViewController.m */ = {isa = PBXFileReference; fileEncoding = 4; lastKnownFileType = sourcecode.c.objc; path = GLSaleViewController.m; sourceTree = "<group>"; };
		7D63DC9818FF4DD200623B10 /* saleIcon20.png */ = {isa = PBXFileReference; lastKnownFileType = image.png; path = saleIcon20.png; sourceTree = "<group>"; };
		7D63DC9C18FF4E8B00623B10 /* weekIcon.png */ = {isa = PBXFileReference; lastKnownFileType = image.png; path = weekIcon.png; sourceTree = "<group>"; };
		7D63DC9E1900590000623B10 /* GLHistoryTableViewController.h */ = {isa = PBXFileReference; fileEncoding = 4; lastKnownFileType = sourcecode.c.h; path = GLHistoryTableViewController.h; sourceTree = "<group>"; };
		7D63DC9F1900590000623B10 /* GLHistoryTableViewController.m */ = {isa = PBXFileReference; fileEncoding = 4; lastKnownFileType = sourcecode.c.objc; path = GLHistoryTableViewController.m; sourceTree = "<group>"; };
		7D63DCA1190059FE00623B10 /* GLSaleTableViewCell.h */ = {isa = PBXFileReference; fileEncoding = 4; lastKnownFileType = sourcecode.c.h; path = GLSaleTableViewCell.h; sourceTree = "<group>"; };
		7D63DCA2190059FE00623B10 /* GLSaleTableViewCell.m */ = {isa = PBXFileReference; fileEncoding = 4; lastKnownFileType = sourcecode.c.objc; path = GLSaleTableViewCell.m; sourceTree = "<group>"; };
		7D63DCA419006F2300623B10 /* 1397784025_history.png */ = {isa = PBXFileReference; lastKnownFileType = image.png; path = 1397784025_history.png; sourceTree = "<group>"; };
		7D63DCA61900733700623B10 /* GLDailyReportViewController.h */ = {isa = PBXFileReference; fileEncoding = 4; lastKnownFileType = sourcecode.c.h; path = GLDailyReportViewController.h; sourceTree = "<group>"; };
		7D63DCA71900733700623B10 /* GLDailyReportViewController.m */ = {isa = PBXFileReference; fileEncoding = 4; lastKnownFileType = sourcecode.c.objc; path = GLDailyReportViewController.m; sourceTree = "<group>"; };
		7D63DCA919007EA700623B10 /* MessageUI.framework */ = {isa = PBXFileReference; lastKnownFileType = wrapper.framework; name = MessageUI.framework; path = System/Library/Frameworks/MessageUI.framework; sourceTree = SDKROOT; };
		7D63DCB3190093F300623B10 /* appIcon.png */ = {isa = PBXFileReference; lastKnownFileType = image.png; path = appIcon.png; sourceTree = "<group>"; };
		7D63DCB4190093F300623B10 /* appIcon@2x.png */ = {isa = PBXFileReference; lastKnownFileType = image.png; path = "appIcon@2x.png"; sourceTree = "<group>"; };
		7D63DCB5190093F300623B10 /* iTunesArtwork.png */ = {isa = PBXFileReference; lastKnownFileType = image.png; path = iTunesArtwork.png; sourceTree = "<group>"; };
		7D63DCB6190093F300623B10 /* iTunesArtwork@2x.png */ = {isa = PBXFileReference; lastKnownFileType = image.png; path = "iTunesArtwork@2x.png"; sourceTree = "<group>"; };
		7D63DCBB1900950C00623B10 /* appIconSettings.png */ = {isa = PBXFileReference; lastKnownFileType = image.png; path = appIconSettings.png; sourceTree = "<group>"; };
		7D63DCBC1900950C00623B10 /* appIconSpotlight.png */ = {isa = PBXFileReference; lastKnownFileType = image.png; path = appIconSpotlight.png; sourceTree = "<group>"; };
		7D63DCCB19009A8400623B10 /* navBar.png */ = {isa = PBXFileReference; lastKnownFileType = image.png; path = navBar.png; sourceTree = "<group>"; };
		7D63DCCC19009A8400623B10 /* navBar@2x.png */ = {isa = PBXFileReference; lastKnownFileType = image.png; path = "navBar@2x.png"; sourceTree = "<group>"; };
		7D63DCCF19009AF500623B10 /* launchImage.png */ = {isa = PBXFileReference; lastKnownFileType = image.png; path = launchImage.png; sourceTree = "<group>"; };
		7D63DCD019009AF500623B10 /* launchImage@2x.png */ = {isa = PBXFileReference; lastKnownFileType = image.png; path = "launchImage@2x.png"; sourceTree = "<group>"; };
		7D63DCD31900A38200623B10 /* launchImageUltra.png */ = {isa = PBXFileReference; lastKnownFileType = image.png; path = launchImageUltra.png; sourceTree = "<group>"; };
/* End PBXFileReference section */

/* Begin PBXFrameworksBuildPhase section */
		7D63DC4E18FEECD000623B10 /* Frameworks */ = {
			isa = PBXFrameworksBuildPhase;
			buildActionMask = 2147483647;
			files = (
				7D63DCAA19007EA700623B10 /* MessageUI.framework in Frameworks */,
				7D63DC5718FEECD000623B10 /* CoreGraphics.framework in Frameworks */,
				7D63DC5B18FEECD000623B10 /* CoreData.framework in Frameworks */,
				7D63DC5918FEECD000623B10 /* UIKit.framework in Frameworks */,
				7D63DC5518FEECD000623B10 /* Foundation.framework in Frameworks */,
			);
			runOnlyForDeploymentPostprocessing = 0;
		};
		7D63DC6E18FEECD000623B10 /* Frameworks */ = {
			isa = PBXFrameworksBuildPhase;
			buildActionMask = 2147483647;
			files = (
				7D63DC7318FEECD000623B10 /* XCTest.framework in Frameworks */,
				7D63DC7618FEECD000623B10 /* CoreData.framework in Frameworks */,
				7D63DC7518FEECD000623B10 /* UIKit.framework in Frameworks */,
				7D63DC7418FEECD000623B10 /* Foundation.framework in Frameworks */,
			);
			runOnlyForDeploymentPostprocessing = 0;
		};
/* End PBXFrameworksBuildPhase section */

/* Begin PBXGroup section */
		7D63DC4818FEECD000623B10 = {
			isa = PBXGroup;
			children = (
				7D63DC5C18FEECD000623B10 /* Valparaiso */,
				7D63DC7918FEECD000623B10 /* ValparaisoTests */,
				7D63DC5318FEECD000623B10 /* Frameworks */,
				7D63DC5218FEECD000623B10 /* Products */,
			);
			sourceTree = "<group>";
		};
		7D63DC5218FEECD000623B10 /* Products */ = {
			isa = PBXGroup;
			children = (
				7D63DC5118FEECD000623B10 /* Valparaiso.app */,
				7D63DC7118FEECD000623B10 /* ValparaisoTests.xctest */,
			);
			name = Products;
			sourceTree = "<group>";
		};
		7D63DC5318FEECD000623B10 /* Frameworks */ = {
			isa = PBXGroup;
			children = (
				7D63DCA919007EA700623B10 /* MessageUI.framework */,
				7D63DC5418FEECD000623B10 /* Foundation.framework */,
				7D63DC5618FEECD000623B10 /* CoreGraphics.framework */,
				7D63DC5818FEECD000623B10 /* UIKit.framework */,
				7D63DC5A18FEECD000623B10 /* CoreData.framework */,
				7D63DC7218FEECD000623B10 /* XCTest.framework */,
			);
			name = Frameworks;
			sourceTree = "<group>";
		};
		7D63DC5C18FEECD000623B10 /* Valparaiso */ = {
			isa = PBXGroup;
			children = (
				7D63DC9518FF4D6A00623B10 /* Resources */,
				7D63DC8918FEED4800623B10 /* Storyboard.storyboard */,
				7D63DCA61900733700623B10 /* GLDailyReportViewController.h */,
				7D63DCA71900733700623B10 /* GLDailyReportViewController.m */,
				7D63DCA1190059FE00623B10 /* GLSaleTableViewCell.h */,
				7D63DCA2190059FE00623B10 /* GLSaleTableViewCell.m */,
				7D63DC9E1900590000623B10 /* GLHistoryTableViewController.h */,
				7D63DC9F1900590000623B10 /* GLHistoryTableViewController.m */,
				7D63DC9118FEFF3600623B10 /* GLSaleViewController.h */,
				7D63DC9218FEFF3600623B10 /* GLSaleViewController.m */,
				7D63DC6518FEECD000623B10 /* GLAppDelegate.h */,
				7D63DC6618FEECD000623B10 /* GLAppDelegate.m */,
				7D63DC6B18FEECD000623B10 /* Images.xcassets */,
				7D63DC6818FEECD000623B10 /* Valparaiso.xcdatamodeld */,
				7D63DC8B18FEF67C00623B10 /* Sale.h */,
				7D63DC8C18FEF67C00623B10 /* Sale.m */,
				7D63DC5D18FEECD000623B10 /* Supporting Files */,
				7D63DC8E18FEF9D400623B10 /* GLDatabaseController.h */,
				7D63DC8F18FEF9D400623B10 /* GLDatabaseController.m */,
			);
			path = Valparaiso;
			sourceTree = "<group>";
		};
		7D63DC5D18FEECD000623B10 /* Supporting Files */ = {
			isa = PBXGroup;
			children = (
				7D63DC5E18FEECD000623B10 /* Valparaiso-Info.plist */,
				7D63DC5F18FEECD000623B10 /* InfoPlist.strings */,
				7D63DC6218FEECD000623B10 /* main.m */,
				7D63DC6418FEECD000623B10 /* Valparaiso-Prefix.pch */,
			);
			name = "Supporting Files";
			sourceTree = "<group>";
		};
		7D63DC7918FEECD000623B10 /* ValparaisoTests */ = {
			isa = PBXGroup;
			children = (
				7D63DC7F18FEECD000623B10 /* ValparaisoTests.m */,
				7D63DC7A18FEECD000623B10 /* Supporting Files */,
			);
			path = ValparaisoTests;
			sourceTree = "<group>";
		};
		7D63DC7A18FEECD000623B10 /* Supporting Files */ = {
			isa = PBXGroup;
			children = (
				7D63DC7B18FEECD000623B10 /* ValparaisoTests-Info.plist */,
				7D63DC7C18FEECD000623B10 /* InfoPlist.strings */,
			);
			name = "Supporting Files";
			sourceTree = "<group>";
		};
		7D63DC9518FF4D6A00623B10 /* Resources */ = {
			isa = PBXGroup;
			children = (
				7D63DCD31900A38200623B10 /* launchImageUltra.png */,
				7D63DCCF19009AF500623B10 /* launchImage.png */,
				7D63DCD019009AF500623B10 /* launchImage@2x.png */,
				7D63DCCB19009A8400623B10 /* navBar.png */,
				7D63DCCC19009A8400623B10 /* navBar@2x.png */,
				7D63DCBB1900950C00623B10 /* appIconSettings.png */,
				7D63DCBC1900950C00623B10 /* appIconSpotlight.png */,
				7D63DCB3190093F300623B10 /* appIcon.png */,
				7D63DCB4190093F300623B10 /* appIcon@2x.png */,
				7D63DCB5190093F300623B10 /* iTunesArtwork.png */,
				7D63DCB6190093F300623B10 /* iTunesArtwork@2x.png */,
				7D63DCA419006F2300623B10 /* 1397784025_history.png */,
				7D63DC9C18FF4E8B00623B10 /* weekIcon.png */,
				7D63DC9818FF4DD200623B10 /* saleIcon20.png */,
			);
			name = Resources;
			sourceTree = "<group>";
		};
/* End PBXGroup section */

/* Begin PBXNativeTarget section */
		7D63DC5018FEECD000623B10 /* Valparaiso */ = {
			isa = PBXNativeTarget;
			buildConfigurationList = 7D63DC8318FEECD000623B10 /* Build configuration list for PBXNativeTarget "Valparaiso" */;
			buildPhases = (
				7D63DC4D18FEECD000623B10 /* Sources */,
				7D63DC4E18FEECD000623B10 /* Frameworks */,
				7D63DC4F18FEECD000623B10 /* Resources */,
			);
			buildRules = (
			);
			dependencies = (
			);
			name = Valparaiso;
			productName = Valparaiso;
			productReference = 7D63DC5118FEECD000623B10 /* Valparaiso.app */;
			productType = "com.apple.product-type.application";
		};
		7D63DC7018FEECD000623B10 /* ValparaisoTests */ = {
			isa = PBXNativeTarget;
			buildConfigurationList = 7D63DC8618FEECD000623B10 /* Build configuration list for PBXNativeTarget "ValparaisoTests" */;
			buildPhases = (
				7D63DC6D18FEECD000623B10 /* Sources */,
				7D63DC6E18FEECD000623B10 /* Frameworks */,
				7D63DC6F18FEECD000623B10 /* Resources */,
			);
			buildRules = (
			);
			dependencies = (
				7D63DC7818FEECD000623B10 /* PBXTargetDependency */,
			);
			name = ValparaisoTests;
			productName = ValparaisoTests;
			productReference = 7D63DC7118FEECD000623B10 /* ValparaisoTests.xctest */;
			productType = "com.apple.product-type.bundle.unit-test";
		};
/* End PBXNativeTarget section */

/* Begin PBXProject section */
		7D63DC4918FEECD000623B10 /* Project object */ = {
			isa = PBXProject;
			attributes = {
				CLASSPREFIX = GL;
				LastUpgradeCheck = 0510;
				ORGANIZATIONNAME = Ripflame;
				TargetAttributes = {
					7D63DC7018FEECD000623B10 = {
						TestTargetID = 7D63DC5018FEECD000623B10;
					};
				};
			};
			buildConfigurationList = 7D63DC4C18FEECD000623B10 /* Build configuration list for PBXProject "Valparaiso" */;
			compatibilityVersion = "Xcode 3.2";
			developmentRegion = English;
			hasScannedForEncodings = 0;
			knownRegions = (
				en,
			);
			mainGroup = 7D63DC4818FEECD000623B10;
			productRefGroup = 7D63DC5218FEECD000623B10 /* Products */;
			projectDirPath = "";
			projectRoot = "";
			targets = (
				7D63DC5018FEECD000623B10 /* Valparaiso */,
				7D63DC7018FEECD000623B10 /* ValparaisoTests */,
			);
		};
/* End PBXProject section */

/* Begin PBXResourcesBuildPhase section */
		7D63DC4F18FEECD000623B10 /* Resources */ = {
			isa = PBXResourcesBuildPhase;
			buildActionMask = 2147483647;
			files = (
				7D63DCD41900A38200623B10 /* launchImageUltra.png in Resources */,
				7D63DCD119009AF500623B10 /* launchImage.png in Resources */,
				7D63DCBD1900950C00623B10 /* appIconSettings.png in Resources */,
				7D63DCA519006F2300623B10 /* 1397784025_history.png in Resources */,
				7D63DC6118FEECD000623B10 /* InfoPlist.strings in Resources */,
				7D63DCCE19009A8400623B10 /* navBar@2x.png in Resources */,
				7D63DCB7190093F300623B10 /* appIcon.png in Resources */,
				7D63DC9918FF4DD200623B10 /* saleIcon20.png in Resources */,
				7D63DCBE1900950C00623B10 /* appIconSpotlight.png in Resources */,
				7D63DCB9190093F300623B10 /* iTunesArtwork.png in Resources */,
				7D63DCBA190093F300623B10 /* iTunesArtwork@2x.png in Resources */,
				7D63DC6C18FEECD000623B10 /* Images.xcassets in Resources */,
				7D63DCCD19009A8400623B10 /* navBar.png in Resources */,
				7D63DCB8190093F300623B10 /* appIcon@2x.png in Resources */,
				7D63DCD219009AF500623B10 /* launchImage@2x.png in Resources */,
				7D63DC8A18FEED4800623B10 /* Storyboard.storyboard in Resources */,
				7D63DC9D18FF4E8B00623B10 /* weekIcon.png in Resources */,
			);
			runOnlyForDeploymentPostprocessing = 0;
		};
		7D63DC6F18FEECD000623B10 /* Resources */ = {
			isa = PBXResourcesBuildPhase;
			buildActionMask = 2147483647;
			files = (
				7D63DC7E18FEECD000623B10 /* InfoPlist.strings in Resources */,
			);
			runOnlyForDeploymentPostprocessing = 0;
		};
/* End PBXResourcesBuildPhase section */

/* Begin PBXSourcesBuildPhase section */
		7D63DC4D18FEECD000623B10 /* Sources */ = {
			isa = PBXSourcesBuildPhase;
			buildActionMask = 2147483647;
			files = (
				7D63DC6318FEECD000623B10 /* main.m in Sources */,
				7D63DC6A18FEECD000623B10 /* Valparaiso.xcdatamodeld in Sources */,
				7D63DC9318FEFF3600623B10 /* GLSaleViewController.m in Sources */,
				7D63DCA3190059FE00623B10 /* GLSaleTableViewCell.m in Sources */,
				7D63DC8D18FEF67C00623B10 /* Sale.m in Sources */,
				7D63DC6718FEECD000623B10 /* GLAppDelegate.m in Sources */,
				7D63DCA01900590000623B10 /* GLHistoryTableViewController.m in Sources */,
				7D63DCA81900733700623B10 /* GLDailyReportViewController.m in Sources */,
				7D63DC9018FEF9D400623B10 /* GLDatabaseController.m in Sources */,
			);
			runOnlyForDeploymentPostprocessing = 0;
		};
		7D63DC6D18FEECD000623B10 /* Sources */ = {
			isa = PBXSourcesBuildPhase;
			buildActionMask = 2147483647;
			files = (
				7D63DC8018FEECD000623B10 /* ValparaisoTests.m in Sources */,
			);
			runOnlyForDeploymentPostprocessing = 0;
		};
/* End PBXSourcesBuildPhase section */

/* Begin PBXTargetDependency section */
		7D63DC7818FEECD000623B10 /* PBXTargetDependency */ = {
			isa = PBXTargetDependency;
			target = 7D63DC5018FEECD000623B10 /* Valparaiso */;
			targetProxy = 7D63DC7718FEECD000623B10 /* PBXContainerItemProxy */;
		};
/* End PBXTargetDependency section */

/* Begin PBXVariantGroup section */
		7D63DC5F18FEECD000623B10 /* InfoPlist.strings */ = {
			isa = PBXVariantGroup;
			children = (
				7D63DC6018FEECD000623B10 /* en */,
			);
			name = InfoPlist.strings;
			sourceTree = "<group>";
		};
		7D63DC7C18FEECD000623B10 /* InfoPlist.strings */ = {
			isa = PBXVariantGroup;
			children = (
				7D63DC7D18FEECD000623B10 /* en */,
			);
			name = InfoPlist.strings;
			sourceTree = "<group>";
		};
/* End PBXVariantGroup section */

/* Begin XCBuildConfiguration section */
		7D63DC8118FEECD000623B10 /* Debug */ = {
			isa = XCBuildConfiguration;
			buildSettings = {
				ALWAYS_SEARCH_USER_PATHS = NO;
				CLANG_CXX_LANGUAGE_STANDARD = "gnu++0x";
				CLANG_CXX_LIBRARY = "libc++";
				CLANG_ENABLE_MODULES = YES;
				CLANG_ENABLE_OBJC_ARC = YES;
				CLANG_WARN_BOOL_CONVERSION = YES;
				CLANG_WARN_CONSTANT_CONVERSION = YES;
				CLANG_WARN_DIRECT_OBJC_ISA_USAGE = YES_ERROR;
				CLANG_WARN_EMPTY_BODY = YES;
				CLANG_WARN_ENUM_CONVERSION = YES;
				CLANG_WARN_INT_CONVERSION = YES;
				CLANG_WARN_OBJC_ROOT_CLASS = YES_ERROR;
				CLANG_WARN__DUPLICATE_METHOD_MATCH = YES;
				"CODE_SIGN_IDENTITY[sdk=iphoneos*]" = "iPhone Developer";
				COPY_PHASE_STRIP = NO;
				GCC_C_LANGUAGE_STANDARD = gnu99;
				GCC_DYNAMIC_NO_PIC = NO;
				GCC_OPTIMIZATION_LEVEL = 0;
				GCC_PREPROCESSOR_DEFINITIONS = (
					"DEBUG=1",
					"$(inherited)",
				);
				GCC_SYMBOLS_PRIVATE_EXTERN = NO;
				GCC_WARN_64_TO_32_BIT_CONVERSION = YES;
				GCC_WARN_ABOUT_RETURN_TYPE = YES_ERROR;
				GCC_WARN_UNDECLARED_SELECTOR = YES;
				GCC_WARN_UNINITIALIZED_AUTOS = YES_AGGRESSIVE;
				GCC_WARN_UNUSED_FUNCTION = YES;
				GCC_WARN_UNUSED_VARIABLE = YES;
				IPHONEOS_DEPLOYMENT_TARGET = 7.1;
				ONLY_ACTIVE_ARCH = YES;
				SDKROOT = iphoneos;
			};
			name = Debug;
		};
		7D63DC8218FEECD000623B10 /* Release */ = {
			isa = XCBuildConfiguration;
			buildSettings = {
				ALWAYS_SEARCH_USER_PATHS = NO;
				CLANG_CXX_LANGUAGE_STANDARD = "gnu++0x";
				CLANG_CXX_LIBRARY = "libc++";
				CLANG_ENABLE_MODULES = YES;
				CLANG_ENABLE_OBJC_ARC = YES;
				CLANG_WARN_BOOL_CONVERSION = YES;
				CLANG_WARN_CONSTANT_CONVERSION = YES;
				CLANG_WARN_DIRECT_OBJC_ISA_USAGE = YES_ERROR;
				CLANG_WARN_EMPTY_BODY = YES;
				CLANG_WARN_ENUM_CONVERSION = YES;
				CLANG_WARN_INT_CONVERSION = YES;
				CLANG_WARN_OBJC_ROOT_CLASS = YES_ERROR;
				CLANG_WARN__DUPLICATE_METHOD_MATCH = YES;
				"CODE_SIGN_IDENTITY[sdk=iphoneos*]" = "iPhone Developer";
				COPY_PHASE_STRIP = YES;
				ENABLE_NS_ASSERTIONS = NO;
				GCC_C_LANGUAGE_STANDARD = gnu99;
				GCC_WARN_64_TO_32_BIT_CONVERSION = YES;
				GCC_WARN_ABOUT_RETURN_TYPE = YES_ERROR;
				GCC_WARN_UNDECLARED_SELECTOR = YES;
				GCC_WARN_UNINITIALIZED_AUTOS = YES_AGGRESSIVE;
				GCC_WARN_UNUSED_FUNCTION = YES;
				GCC_WARN_UNUSED_VARIABLE = YES;
				IPHONEOS_DEPLOYMENT_TARGET = 7.1;
				SDKROOT = iphoneos;
				VALIDATE_PRODUCT = YES;
			};
			name = Release;
		};
		7D63DC8418FEECD000623B10 /* Debug */ = {
			isa = XCBuildConfiguration;
			buildSettings = {
				ASSETCATALOG_COMPILER_APPICON_NAME = "AppIcon-2";
				ASSETCATALOG_COMPILER_LAUNCHIMAGE_NAME = "LaunchImage-2";
				GCC_PRECOMPILE_PREFIX_HEADER = YES;
				GCC_PREFIX_HEADER = "Valparaiso/Valparaiso-Prefix.pch";
				INFOPLIST_FILE = "Valparaiso/Valparaiso-Info.plist";
				PRODUCT_NAME = "$(TARGET_NAME)";
				WRAPPER_EXTENSION = app;
			};
			name = Debug;
		};
		7D63DC8518FEECD000623B10 /* Release */ = {
			isa = XCBuildConfiguration;
			buildSettings = {
				ASSETCATALOG_COMPILER_APPICON_NAME = "AppIcon-2";
				ASSETCATALOG_COMPILER_LAUNCHIMAGE_NAME = "LaunchImage-2";
				GCC_PRECOMPILE_PREFIX_HEADER = YES;
				GCC_PREFIX_HEADER = "Valparaiso/Valparaiso-Prefix.pch";
				INFOPLIST_FILE = "Valparaiso/Valparaiso-Info.plist";
				PRODUCT_NAME = "$(TARGET_NAME)";
				WRAPPER_EXTENSION = app;
			};
			name = Release;
		};
		7D63DC8718FEECD000623B10 /* Debug */ = {
			isa = XCBuildConfiguration;
			buildSettings = {
				BUNDLE_LOADER = "$(BUILT_PRODUCTS_DIR)/Valparaiso.app/Valparaiso";
				FRAMEWORK_SEARCH_PATHS = (
					"$(SDKROOT)/Developer/Library/Frameworks",
					"$(inherited)",
					"$(DEVELOPER_FRAMEWORKS_DIR)",
				);
				GCC_PRECOMPILE_PREFIX_HEADER = YES;
				GCC_PREFIX_HEADER = "Valparaiso/Valparaiso-Prefix.pch";
				GCC_PREPROCESSOR_DEFINITIONS = (
					"DEBUG=1",
					"$(inherited)",
				);
				INFOPLIST_FILE = "ValparaisoTests/ValparaisoTests-Info.plist";
				PRODUCT_NAME = "$(TARGET_NAME)";
				TEST_HOST = "$(BUNDLE_LOADER)";
				WRAPPER_EXTENSION = xctest;
			};
			name = Debug;
		};
		7D63DC8818FEECD000623B10 /* Release */ = {
			isa = XCBuildConfiguration;
			buildSettings = {
				BUNDLE_LOADER = "$(BUILT_PRODUCTS_DIR)/Valparaiso.app/Valparaiso";
				FRAMEWORK_SEARCH_PATHS = (
					"$(SDKROOT)/Developer/Library/Frameworks",
					"$(inherited)",
					"$(DEVELOPER_FRAMEWORKS_DIR)",
				);
				GCC_PRECOMPILE_PREFIX_HEADER = YES;
				GCC_PREFIX_HEADER = "Valparaiso/Valparaiso-Prefix.pch";
				INFOPLIST_FILE = "ValparaisoTests/ValparaisoTests-Info.plist";
				PRODUCT_NAME = "$(TARGET_NAME)";
				TEST_HOST = "$(BUNDLE_LOADER)";
				WRAPPER_EXTENSION = xctest;
			};
			name = Release;
		};
/* End XCBuildConfiguration section */

/* Begin XCConfigurationList section */
		7D63DC4C18FEECD000623B10 /* Build configuration list for PBXProject "Valparaiso" */ = {
			isa = XCConfigurationList;
			buildConfigurations = (
				7D63DC8118FEECD000623B10 /* Debug */,
				7D63DC8218FEECD000623B10 /* Release */,
			);
			defaultConfigurationIsVisible = 0;
			defaultConfigurationName = Release;
		};
		7D63DC8318FEECD000623B10 /* Build configuration list for PBXNativeTarget "Valparaiso" */ = {
			isa = XCConfigurationList;
			buildConfigurations = (
				7D63DC8418FEECD000623B10 /* Debug */,
				7D63DC8518FEECD000623B10 /* Release */,
			);
			defaultConfigurationIsVisible = 0;
			defaultConfigurationName = Release;
		};
		7D63DC8618FEECD000623B10 /* Build configuration list for PBXNativeTarget "ValparaisoTests" */ = {
			isa = XCConfigurationList;
			buildConfigurations = (
				7D63DC8718FEECD000623B10 /* Debug */,
				7D63DC8818FEECD000623B10 /* Release */,
			);
			defaultConfigurationIsVisible = 0;
			defaultConfigurationName = Release;
		};
/* End XCConfigurationList section */

/* Begin XCVersionGroup section */
		7D63DC6818FEECD000623B10 /* Valparaiso.xcdatamodeld */ = {
			isa = XCVersionGroup;
			children = (
				7D63DC6918FEECD000623B10 /* Valparaiso.xcdatamodel */,
			);
			currentVersion = 7D63DC6918FEECD000623B10 /* Valparaiso.xcdatamodel */;
			path = Valparaiso.xcdatamodeld;
			sourceTree = "<group>";
			versionGroupType = wrapper.xcdatamodel;
		};
/* End XCVersionGroup section */
	};
	rootObject = 7D63DC4918FEECD000623B10 /* Project object */;
}
